
Microsoft Visual Studio Solution File, Format Version 12.00
# Visual Studio Version 16
VisualStudioVersion = 16.0.31005.135
MinimumVisualStudioVersion = 10.0.40219.1
Project("{8BC9CEB8-8B4A-11D0-8D11-00A0C91BC942}") = "SFML_Intersection", "SFML_Intersection.vcxproj", "{1FA7E932-7B4D-4342-9ECC-9CC529586D0E}"
EndProject
Global
	GlobalSection(SolutionConfigurationPlatforms) = preSolution
		Debug|x64 = Debug|x64
		Debug|x86 = Debug|x86
		Release|x64 = Release|x64
		Release|x86 = Release|x86
	EndGlobalSection
	GlobalSection(ProjectConfigurationPlatforms) = postSolution
		{1FA7E932-7B4D-4342-9ECC-9CC529586D0E}.Debug|x64.ActiveCfg = Debug|x64
		{1FA7E932-7B4D-4342-9ECC-9CC529586D0E}.Debug|x64.Build.0 = Debug|x64
		{1FA7E932-7B4D-4342-9ECC-9CC529586D0E}.Debug|x86.ActiveCfg = Debug|Win32
		{1FA7E932-7B4D-4342-9ECC-9CC529586D0E}.Debug|x86.Build.0 = Debug|Win32
		{1FA7E932-7B4D-4342-9ECC-9CC529586D0E}.Release|x64.ActiveCfg = Release|x64
		{1FA7E932-7B4D-4342-9ECC-9CC529586D0E}.Release|x64.Build.0 = Release|x64
		{1FA7E932-7B4D-4342-9ECC-9CC529586D0E}.Release|x86.ActiveCfg = Release|Win32
		{1FA7E932-7B4D-4342-9ECC-9CC529586D0E}.Release|x86.Build.0 = Release|Win32
	EndGlobalSection
	GlobalSection(SolutionProperties) = preSolution
		HideSolutionNode = FALSE
	EndGlobalSection
	GlobalSection(ExtensibilityGlobals) = postSolution
		SolutionGuid = {BD6556D2-C286-43FA-9694-25D142B2D0E6}
	EndGlobalSection
EndGlobal
